
Microsoft Visual Studio Solution File, Format Version 11.00
# Visual Studio 2010
Project("{2150E333-8FDC-42A3-9474-1A3956D46DE8}") = "SchemeManager", "SchemeManager", "{528868E0-1ABB-401E-A6E9-181FBE283926}"
EndProject
Project("{FAE04EC0-301F-11D3-BF4B-00C04F79EFBC}") = "SchemeManager.Console", "Src\SchemeManager.Console\SchemeManager.Console.csproj", "{0EE56959-B986-4AAE-90B6-1F56AF5A2404}"
EndProject
Project("{FAE04EC0-301F-11D3-BF4B-00C04F79EFBC}") = "SchemeManager.Gui", "Src\SchemeManager.Gui\SchemeManager.Gui.csproj", "{E4351E8F-228F-4B6D-943E-BE765297B87A}"
EndProject
Project("{FAE04EC0-301F-11D3-BF4B-00C04F79EFBC}") = "Core", "Src\Core\Core.csproj", "{81B07B94-A04A-4178-8465-7BF668519DD7}"
EndProject
Project("{FAE04EC0-301F-11D3-BF4B-00C04F79EFBC}") = "Tests", "Tests\Tests.csproj", "{F8A42327-20C8-4E64-8907-8F895CE16571}"
EndProject
Project("{FAE04EC0-301F-11D3-BF4B-00C04F79EFBC}") = "SchemeManager", "Src\SchemeManager\SchemeManager.csproj", "{B4C845DC-F039-44EE-982D-E13E9F83DA7B}"
EndProject
Project("{2150E333-8FDC-42A3-9474-1A3956D46DE8}") = "Bootstrapper", "Bootstrapper", "{CFC9D9E5-87D8-4A61-BE09-137BBBE41070}"
EndProject
Project("{FAE04EC0-301F-11D3-BF4B-00C04F79EFBC}") = "Bootstrapper", "Src\Bootstrapper\Bootstrapper.csproj", "{158ECD08-3766-4FAD-824F-3B293FFE27C8}"
EndProject
Project("{FAE04EC0-301F-11D3-BF4B-00C04F79EFBC}") = "Bootstrapper.Console", "Src\Bootstrapper.Console\Bootstrapper.Console.csproj", "{C7B1C3FE-2262-411D-BD41-ED0981D54177}"
EndProject
Project("{FAE04EC0-301F-11D3-BF4B-00C04F79EFBC}") = "Bootstrapper.Azure", "Src\Bootstrapper.Azure\Bootstrapper.Azure.csproj", "{A84CB2AD-0CE9-4CFD-831A-AB5CDFCD3653}"
EndProject
Project("{CC5FD16D-436D-48AD-A40C-5A424C6E3E79}") = "CouchDudeAzureBootstrapperTest", "Src\CouchDudeAzureBootstrapperTest\CouchDudeAzureBootstrapperTest.ccproj", "{F58F1C67-00B1-44A4-8203-6A8978B388DA}"
EndProject
Project("{FAE04EC0-301F-11D3-BF4B-00C04F79EFBC}") = "BootstrapperTestWorker", "Src\BootstrapperTestWorker\BootstrapperTestWorker.csproj", "{33191256-D97B-4826-8DDA-74A54BD21BC0}"
EndProject
Global
	GlobalSection(SolutionConfigurationPlatforms) = preSolution
		Debug|Mixed Platforms = Debug|Mixed Platforms
		Release|Mixed Platforms = Release|Mixed Platforms
	EndGlobalSection
	GlobalSection(ProjectConfigurationPlatforms) = postSolution
		{0EE56959-B986-4AAE-90B6-1F56AF5A2404}.Debug|Mixed Platforms.ActiveCfg = Debug|x86
		{0EE56959-B986-4AAE-90B6-1F56AF5A2404}.Debug|Mixed Platforms.Build.0 = Debug|x86
		{0EE56959-B986-4AAE-90B6-1F56AF5A2404}.Release|Mixed Platforms.ActiveCfg = Release|x86
		{0EE56959-B986-4AAE-90B6-1F56AF5A2404}.Release|Mixed Platforms.Build.0 = Release|x86
		{E4351E8F-228F-4B6D-943E-BE765297B87A}.Debug|Mixed Platforms.ActiveCfg = Debug|x86
		{E4351E8F-228F-4B6D-943E-BE765297B87A}.Debug|Mixed Platforms.Build.0 = Debug|x86
		{E4351E8F-228F-4B6D-943E-BE765297B87A}.Release|Mixed Platforms.ActiveCfg = Release|x86
		{E4351E8F-228F-4B6D-943E-BE765297B87A}.Release|Mixed Platforms.Build.0 = Release|x86
		{81B07B94-A04A-4178-8465-7BF668519DD7}.Debug|Mixed Platforms.ActiveCfg = Debug|Any CPU
		{81B07B94-A04A-4178-8465-7BF668519DD7}.Debug|Mixed Platforms.Build.0 = Debug|Any CPU
		{81B07B94-A04A-4178-8465-7BF668519DD7}.Release|Mixed Platforms.ActiveCfg = Release|Any CPU
		{81B07B94-A04A-4178-8465-7BF668519DD7}.Release|Mixed Platforms.Build.0 = Release|Any CPU
		{F8A42327-20C8-4E64-8907-8F895CE16571}.Debug|Mixed Platforms.ActiveCfg = Debug|Any CPU
		{F8A42327-20C8-4E64-8907-8F895CE16571}.Debug|Mixed Platforms.Build.0 = Debug|Any CPU
		{F8A42327-20C8-4E64-8907-8F895CE16571}.Release|Mixed Platforms.ActiveCfg = Release|Any CPU
		{F8A42327-20C8-4E64-8907-8F895CE16571}.Release|Mixed Platforms.Build.0 = Release|Any CPU
		{B4C845DC-F039-44EE-982D-E13E9F83DA7B}.Debug|Mixed Platforms.ActiveCfg = Debug|Any CPU
		{B4C845DC-F039-44EE-982D-E13E9F83DA7B}.Debug|Mixed Platforms.Build.0 = Debug|Any CPU
		{B4C845DC-F039-44EE-982D-E13E9F83DA7B}.Release|Mixed Platforms.ActiveCfg = Release|Any CPU
		{B4C845DC-F039-44EE-982D-E13E9F83DA7B}.Release|Mixed Platforms.Build.0 = Release|Any CPU
		{158ECD08-3766-4FAD-824F-3B293FFE27C8}.Debug|Mixed Platforms.ActiveCfg = Debug|Any CPU
		{158ECD08-3766-4FAD-824F-3B293FFE27C8}.Debug|Mixed Platforms.Build.0 = Debug|Any CPU
		{158ECD08-3766-4FAD-824F-3B293FFE27C8}.Release|Mixed Platforms.ActiveCfg = Release|Any CPU
		{158ECD08-3766-4FAD-824F-3B293FFE27C8}.Release|Mixed Platforms.Build.0 = Release|Any CPU
		{C7B1C3FE-2262-411D-BD41-ED0981D54177}.Debug|Mixed Platforms.ActiveCfg = Debug|x86
		{C7B1C3FE-2262-411D-BD41-ED0981D54177}.Debug|Mixed Platforms.Build.0 = Debug|x86
		{C7B1C3FE-2262-411D-BD41-ED0981D54177}.Release|Mixed Platforms.ActiveCfg = Release|x86
		{C7B1C3FE-2262-411D-BD41-ED0981D54177}.Release|Mixed Platforms.Build.0 = Release|x86
		{A84CB2AD-0CE9-4CFD-831A-AB5CDFCD3653}.Debug|Mixed Platforms.ActiveCfg = Debug|Any CPU
		{A84CB2AD-0CE9-4CFD-831A-AB5CDFCD3653}.Debug|Mixed Platforms.Build.0 = Debug|Any CPU
		{A84CB2AD-0CE9-4CFD-831A-AB5CDFCD3653}.Release|Mixed Platforms.ActiveCfg = Release|Any CPU
		{A84CB2AD-0CE9-4CFD-831A-AB5CDFCD3653}.Release|Mixed Platforms.Build.0 = Release|Any CPU
		{F58F1C67-00B1-44A4-8203-6A8978B388DA}.Debug|Mixed Platforms.ActiveCfg = Debug|Any CPU
		{F58F1C67-00B1-44A4-8203-6A8978B388DA}.Debug|Mixed Platforms.Build.0 = Debug|Any CPU
		{F58F1C67-00B1-44A4-8203-6A8978B388DA}.Release|Mixed Platforms.ActiveCfg = Release|Any CPU
		{F58F1C67-00B1-44A4-8203-6A8978B388DA}.Release|Mixed Platforms.Build.0 = Release|Any CPU
		{33191256-D97B-4826-8DDA-74A54BD21BC0}.Debug|Mixed Platforms.ActiveCfg = Debug|Any CPU
		{33191256-D97B-4826-8DDA-74A54BD21BC0}.Debug|Mixed Platforms.Build.0 = Debug|Any CPU
		{33191256-D97B-4826-8DDA-74A54BD21BC0}.Release|Mixed Platforms.ActiveCfg = Release|Any CPU
		{33191256-D97B-4826-8DDA-74A54BD21BC0}.Release|Mixed Platforms.Build.0 = Release|Any CPU
	EndGlobalSection
	GlobalSection(SolutionProperties) = preSolution
		HideSolutionNode = FALSE
	EndGlobalSection
	GlobalSection(NestedProjects) = preSolution
		{0EE56959-B986-4AAE-90B6-1F56AF5A2404} = {528868E0-1ABB-401E-A6E9-181FBE283926}
		{E4351E8F-228F-4B6D-943E-BE765297B87A} = {528868E0-1ABB-401E-A6E9-181FBE283926}
		{B4C845DC-F039-44EE-982D-E13E9F83DA7B} = {528868E0-1ABB-401E-A6E9-181FBE283926}
		{158ECD08-3766-4FAD-824F-3B293FFE27C8} = {CFC9D9E5-87D8-4A61-BE09-137BBBE41070}
		{C7B1C3FE-2262-411D-BD41-ED0981D54177} = {CFC9D9E5-87D8-4A61-BE09-137BBBE41070}
		{A84CB2AD-0CE9-4CFD-831A-AB5CDFCD3653} = {CFC9D9E5-87D8-4A61-BE09-137BBBE41070}
		{F58F1C67-00B1-44A4-8203-6A8978B388DA} = {CFC9D9E5-87D8-4A61-BE09-137BBBE41070}
		{33191256-D97B-4826-8DDA-74A54BD21BC0} = {CFC9D9E5-87D8-4A61-BE09-137BBBE41070}
	EndGlobalSection
EndGlobal
